
Microsoft Visual Studio Solution File, Format Version 12.00
# Visual Studio Version 17
VisualStudioVersion = 17.9.34607.119
MinimumVisualStudioVersion = 10.0.40219.1
Project("{FAE04EC0-301F-11D3-BF4B-00C04F79EFBC}") = "DemoWebMVC", "DemoWebMVC\DemoWebMVC.csproj", "{590753E9-54EB-44FF-9E8C-7E9267A78A2E}"
EndProject
Global
	GlobalSection(SolutionConfigurationPlatforms) = preSolution
		Debug|Any CPU = Debug|Any CPU
		Release|Any CPU = Release|Any CPU
	EndGlobalSection
	GlobalSection(ProjectConfigurationPlatforms) = postSolution
		{590753E9-54EB-44FF-9E8C-7E9267A78A2E}.Debug|Any CPU.ActiveCfg = Debug|Any CPU
		{590753E9-54EB-44FF-9E8C-7E9267A78A2E}.Debug|Any CPU.Build.0 = Debug|Any CPU
		{590753E9-54EB-44FF-9E8C-7E9267A78A2E}.Release|Any CPU.ActiveCfg = Release|Any CPU
		{590753E9-54EB-44FF-9E8C-7E9267A78A2E}.Release|Any CPU.Build.0 = Release|Any CPU
	EndGlobalSection
	GlobalSection(SolutionProperties) = preSolution
		HideSolutionNode = FALSE
	EndGlobalSection
	GlobalSection(ExtensibilityGlobals) = postSolution
		SolutionGuid = {87DDA070-6675-4ACB-9B7A-D94B49EDBFF5}
	EndGlobalSection
EndGlobal
